// !$*UTF8*$!
{
	archiveVersion = 1;
	classes = {
	};
	objectVersion = 46;
	objects = {

/* Begin PBXBuildFile section */
		0F65A4901E739C210003A938 /* ProgressBar.swift in Sources */ = {isa = PBXBuildFile; fileRef = 0F65A48F1E739C210003A938 /* ProgressBar.swift */; };
		0FFB63AB1E73787B002FEA2F /* AppDelegate.swift in Sources */ = {isa = PBXBuildFile; fileRef = 0FFB63AA1E73787B002FEA2F /* AppDelegate.swift */; };
		0FFB63AD1E73787B002FEA2F /* ViewController.swift in Sources */ = {isa = PBXBuildFile; fileRef = 0FFB63AC1E73787B002FEA2F /* ViewController.swift */; };
		0FFB63B01E73787B002FEA2F /* Main.storyboard in Resources */ = {isa = PBXBuildFile; fileRef = 0FFB63AE1E73787B002FEA2F /* Main.storyboard */; };
		0FFB63B21E73787B002FEA2F /* Assets.xcassets in Resources */ = {isa = PBXBuildFile; fileRef = 0FFB63B11E73787B002FEA2F /* Assets.xcassets */; };
		0FFB63B51E73787B002FEA2F /* LaunchScreen.storyboard in Resources */ = {isa = PBXBuildFile; fileRef = 0FFB63B31E73787B002FEA2F /* LaunchScreen.storyboard */; };
		0FFB63C01E73787B002FEA2F /* AcronymTests.swift in Sources */ = {isa = PBXBuildFile; fileRef = 0FFB63BF1E73787B002FEA2F /* AcronymTests.swift */; };
		0FFB63CB1E73787B002FEA2F /* AcronymUITests.swift in Sources */ = {isa = PBXBuildFile; fileRef = 0FFB63CA1E73787B002FEA2F /* AcronymUITests.swift */; };
		0FFB63DA1E737B77002FEA2F /* Words.swift in Sources */ = {isa = PBXBuildFile; fileRef = 0FFB63D91E737B77002FEA2F /* Words.swift */; };
		0FFB63DC1E738FF2002FEA2F /* WordCell.swift in Sources */ = {isa = PBXBuildFile; fileRef = 0FFB63DB1E738FF2002FEA2F /* WordCell.swift */; };
		D8084F3152B13EFFA9E9A8F9 /* Pods_Acronym.framework in Frameworks */ = {isa = PBXBuildFile; fileRef = 99015F1F9EE2681671029287 /* Pods_Acronym.framework */; };
/* End PBXBuildFile section */

/* Begin PBXContainerItemProxy section */
		0FFB63BC1E73787B002FEA2F /* PBXContainerItemProxy */ = {
			isa = PBXContainerItemProxy;
			containerPortal = 0FFB639F1E73787B002FEA2F /* Project object */;
			proxyType = 1;
			remoteGlobalIDString = 0FFB63A61E73787B002FEA2F;
			remoteInfo = Acronym;
		};
		0FFB63C71E73787B002FEA2F /* PBXContainerItemProxy */ = {
			isa = PBXContainerItemProxy;
			containerPortal = 0FFB639F1E73787B002FEA2F /* Project object */;
			proxyType = 1;
			remoteGlobalIDString = 0FFB63A61E73787B002FEA2F;
			remoteInfo = Acronym;
		};
/* End PBXContainerItemProxy section */

/* Begin PBXFileReference section */
		0F65A48F1E739C210003A938 /* ProgressBar.swift */ = {isa = PBXFileReference; fileEncoding = 4; lastKnownFileType = sourcecode.swift; path = ProgressBar.swift; sourceTree = "<group>"; };
		0FFB63A71E73787B002FEA2F /* Acronym.app */ = {isa = PBXFileReference; explicitFileType = wrapper.application; includeInIndex = 0; path = Acronym.app; sourceTree = BUILT_PRODUCTS_DIR; };
		0FFB63AA1E73787B002FEA2F /* AppDelegate.swift */ = {isa = PBXFileReference; lastKnownFileType = sourcecode.swift; path = AppDelegate.swift; sourceTree = "<group>"; };
		0FFB63AC1E73787B002FEA2F /* ViewController.swift */ = {isa = PBXFileReference; lastKnownFileType = sourcecode.swift; path = ViewController.swift; sourceTree = "<group>"; };
		0FFB63AF1E73787B002FEA2F /* Base */ = {isa = PBXFileReference; lastKnownFileType = file.storyboard; name = Base; path = Base.lproj/Main.storyboard; sourceTree = "<group>"; };
		0FFB63B11E73787B002FEA2F /* Assets.xcassets */ = {isa = PBXFileReference; lastKnownFileType = folder.assetcatalog; path = Assets.xcassets; sourceTree = "<group>"; };
		0FFB63B41E73787B002FEA2F /* Base */ = {isa = PBXFileReference; lastKnownFileType = file.storyboard; name = Base; path = Base.lproj/LaunchScreen.storyboard; sourceTree = "<group>"; };
		0FFB63B61E73787B002FEA2F /* Info.plist */ = {isa = PBXFileReference; lastKnownFileType = text.plist.xml; path = Info.plist; sourceTree = "<group>"; };
		0FFB63BB1E73787B002FEA2F /* AcronymTests.xctest */ = {isa = PBXFileReference; explicitFileType = wrapper.cfbundle; includeInIndex = 0; path = AcronymTests.xctest; sourceTree = BUILT_PRODUCTS_DIR; };
		0FFB63BF1E73787B002FEA2F /* AcronymTests.swift */ = {isa = PBXFileReference; lastKnownFileType = sourcecode.swift; path = AcronymTests.swift; sourceTree = "<group>"; };
		0FFB63C11E73787B002FEA2F /* Info.plist */ = {isa = PBXFileReference; lastKnownFileType = text.plist.xml; path = Info.plist; sourceTree = "<group>"; };
		0FFB63C61E73787B002FEA2F /* AcronymUITests.xctest */ = {isa = PBXFileReference; explicitFileType = wrapper.cfbundle; includeInIndex = 0; path = AcronymUITests.xctest; sourceTree = BUILT_PRODUCTS_DIR; };
		0FFB63CA1E73787B002FEA2F /* AcronymUITests.swift */ = {isa = PBXFileReference; lastKnownFileType = sourcecode.swift; path = AcronymUITests.swift; sourceTree = "<group>"; };
		0FFB63CC1E73787B002FEA2F /* Info.plist */ = {isa = PBXFileReference; lastKnownFileType = text.plist.xml; path = Info.plist; sourceTree = "<group>"; };
		0FFB63D91E737B77002FEA2F /* Words.swift */ = {isa = PBXFileReference; fileEncoding = 4; lastKnownFileType = sourcecode.swift; path = Words.swift; sourceTree = "<group>"; };
		0FFB63DB1E738FF2002FEA2F /* WordCell.swift */ = {isa = PBXFileReference; fileEncoding = 4; lastKnownFileType = sourcecode.swift; name = WordCell.swift; path = Acronym/WordCell.swift; sourceTree = "<group>"; };
		39928C2F2C1F4428C8E73CDA /* Pods-Acronym.release.xcconfig */ = {isa = PBXFileReference; includeInIndex = 1; lastKnownFileType = text.xcconfig; name = "Pods-Acronym.release.xcconfig"; path = "Pods/Target Support Files/Pods-Acronym/Pods-Acronym.release.xcconfig"; sourceTree = "<group>"; };
		99015F1F9EE2681671029287 /* Pods_Acronym.framework */ = {isa = PBXFileReference; explicitFileType = wrapper.framework; includeInIndex = 0; path = Pods_Acronym.framework; sourceTree = BUILT_PRODUCTS_DIR; };
		CD19B69062887514AEE00C5C /* Pods-Acronym.debug.xcconfig */ = {isa = PBXFileReference; includeInIndex = 1; lastKnownFileType = text.xcconfig; name = "Pods-Acronym.debug.xcconfig"; path = "Pods/Target Support Files/Pods-Acronym/Pods-Acronym.debug.xcconfig"; sourceTree = "<group>"; };
/* End PBXFileReference section */

/* Begin PBXFrameworksBuildPhase section */
		0FFB63A41E73787B002FEA2F /* Frameworks */ = {
			isa = PBXFrameworksBuildPhase;
			buildActionMask = 2147483647;
			files = (
				D8084F3152B13EFFA9E9A8F9 /* Pods_Acronym.framework in Frameworks */,
			);
			runOnlyForDeploymentPostprocessing = 0;
		};
		0FFB63B81E73787B002FEA2F /* Frameworks */ = {
			isa = PBXFrameworksBuildPhase;
			buildActionMask = 2147483647;
			files = (
			);
			runOnlyForDeploymentPostprocessing = 0;
		};
		0FFB63C31E73787B002FEA2F /* Frameworks */ = {
			isa = PBXFrameworksBuildPhase;
			buildActionMask = 2147483647;
			files = (
			);
			runOnlyForDeploymentPostprocessing = 0;
		};
/* End PBXFrameworksBuildPhase section */

/* Begin PBXGroup section */
		0FFB639E1E73787B002FEA2F = {
			isa = PBXGroup;
			children = (
				0FFB63A91E73787B002FEA2F /* Acronym */,
				0FFB63BE1E73787B002FEA2F /* AcronymTests */,
				0FFB63C91E73787B002FEA2F /* AcronymUITests */,
				0FFB63A81E73787B002FEA2F /* Products */,
				C128A8170CF3B9E3BB41540F /* Pods */,
				5BF4030FF18270190708D8F4 /* Frameworks */,
			);
			sourceTree = "<group>";
		};
		0FFB63A81E73787B002FEA2F /* Products */ = {
			isa = PBXGroup;
			children = (
				0FFB63A71E73787B002FEA2F /* Acronym.app */,
				0FFB63BB1E73787B002FEA2F /* AcronymTests.xctest */,
				0FFB63C61E73787B002FEA2F /* AcronymUITests.xctest */,
			);
			name = Products;
			sourceTree = "<group>";
		};
		0FFB63A91E73787B002FEA2F /* Acronym */ = {
			isa = PBXGroup;
			children = (
				0FFB63DD1E7391E7002FEA2F /* Cells */,
				0FFB63D81E737B30002FEA2F /* Data Objects */,
				0F65A48F1E739C210003A938 /* ProgressBar.swift */,
				0FFB63AA1E73787B002FEA2F /* AppDelegate.swift */,
				0FFB63AC1E73787B002FEA2F /* ViewController.swift */,
				0FFB63AE1E73787B002FEA2F /* Main.storyboard */,
				0FFB63B11E73787B002FEA2F /* Assets.xcassets */,
				0FFB63B31E73787B002FEA2F /* LaunchScreen.storyboard */,
				0FFB63B61E73787B002FEA2F /* Info.plist */,
			);
			path = Acronym;
			sourceTree = "<group>";
		};
		0FFB63BE1E73787B002FEA2F /* AcronymTests */ = {
			isa = PBXGroup;
			children = (
				0FFB63BF1E73787B002FEA2F /* AcronymTests.swift */,
				0FFB63C11E73787B002FEA2F /* Info.plist */,
			);
			path = AcronymTests;
			sourceTree = "<group>";
		};
		0FFB63C91E73787B002FEA2F /* AcronymUITests */ = {
			isa = PBXGroup;
			children = (
				0FFB63CA1E73787B002FEA2F /* AcronymUITests.swift */,
				0FFB63CC1E73787B002FEA2F /* Info.plist */,
			);
			path = AcronymUITests;
			sourceTree = "<group>";
		};
		0FFB63D81E737B30002FEA2F /* Data Objects */ = {
			isa = PBXGroup;
			children = (
				0FFB63D91E737B77002FEA2F /* Words.swift */,
			);
			name = "Data Objects";
			sourceTree = "<group>";
		};
		0FFB63DD1E7391E7002FEA2F /* Cells */ = {
			isa = PBXGroup;
			children = (
				0FFB63DB1E738FF2002FEA2F /* WordCell.swift */,
			);
			name = Cells;
			path = ..;
			sourceTree = "<group>";
		};
		5BF4030FF18270190708D8F4 /* Frameworks */ = {
			isa = PBXGroup;
			children = (
				99015F1F9EE2681671029287 /* Pods_Acronym.framework */,
			);
			name = Frameworks;
			sourceTree = "<group>";
		};
		C128A8170CF3B9E3BB41540F /* Pods */ = {
			isa = PBXGroup;
			children = (
				CD19B69062887514AEE00C5C /* Pods-Acronym.debug.xcconfig */,
				39928C2F2C1F4428C8E73CDA /* Pods-Acronym.release.xcconfig */,
			);
			name = Pods;
			sourceTree = "<group>";
		};
/* End PBXGroup section */

/* Begin PBXNativeTarget section */
		0FFB63A61E73787B002FEA2F /* Acronym */ = {
			isa = PBXNativeTarget;
			buildConfigurationList = 0FFB63CF1E73787B002FEA2F /* Build configuration list for PBXNativeTarget "Acronym" */;
			buildPhases = (
				527BC7F590C01BB782487675 /* [CP] Check Pods Manifest.lock */,
				0FFB63A31E73787B002FEA2F /* Sources */,
				0FFB63A41E73787B002FEA2F /* Frameworks */,
				0FFB63A51E73787B002FEA2F /* Resources */,
				C2E8E1A88BB33C9D6432CE69 /* [CP] Embed Pods Frameworks */,
				35C91A1715B8E20887A39E50 /* [CP] Copy Pods Resources */,
			);
			buildRules = (
			);
			dependencies = (
			);
			name = Acronym;
			productName = Acronym;
			productReference = 0FFB63A71E73787B002FEA2F /* Acronym.app */;
			productType = "com.apple.product-type.application";
		};
		0FFB63BA1E73787B002FEA2F /* AcronymTests */ = {
			isa = PBXNativeTarget;
			buildConfigurationList = 0FFB63D21E73787B002FEA2F /* Build configuration list for PBXNativeTarget "AcronymTests" */;
			buildPhases = (
				0FFB63B71E73787B002FEA2F /* Sources */,
				0FFB63B81E73787B002FEA2F /* Frameworks */,
				0FFB63B91E73787B002FEA2F /* Resources */,
			);
			buildRules = (
			);
			dependencies = (
				0FFB63BD1E73787B002FEA2F /* PBXTargetDependency */,
			);
			name = AcronymTests;
			productName = AcronymTests;
			productReference = 0FFB63BB1E73787B002FEA2F /* AcronymTests.xctest */;
			productType = "com.apple.product-type.bundle.unit-test";
		};
		0FFB63C51E73787B002FEA2F /* AcronymUITests */ = {
			isa = PBXNativeTarget;
			buildConfigurationList = 0FFB63D51E73787B002FEA2F /* Build configuration list for PBXNativeTarget "AcronymUITests" */;
			buildPhases = (
				0FFB63C21E73787B002FEA2F /* Sources */,
				0FFB63C31E73787B002FEA2F /* Frameworks */,
				0FFB63C41E73787B002FEA2F /* Resources */,
			);
			buildRules = (
			);
			dependencies = (
				0FFB63C81E73787B002FEA2F /* PBXTargetDependency */,
			);
			name = AcronymUITests;
			productName = AcronymUITests;
			productReference = 0FFB63C61E73787B002FEA2F /* AcronymUITests.xctest */;
			productType = "com.apple.product-type.bundle.ui-testing";
		};
/* End PBXNativeTarget section */

/* Begin PBXProject section */
		0FFB639F1E73787B002FEA2F /* Project object */ = {
			isa = PBXProject;
			attributes = {
				LastSwiftUpdateCheck = 0820;
				LastUpgradeCheck = 0820;
				ORGANIZATIONNAME = "Naina Sai Tipparti";
				TargetAttributes = {
					0FFB63A61E73787B002FEA2F = {
						CreatedOnToolsVersion = 8.2.1;
						ProvisioningStyle = Automatic;
					};
					0FFB63BA1E73787B002FEA2F = {
						CreatedOnToolsVersion = 8.2.1;
						ProvisioningStyle = Automatic;
						TestTargetID = 0FFB63A61E73787B002FEA2F;
					};
					0FFB63C51E73787B002FEA2F = {
						CreatedOnToolsVersion = 8.2.1;
						ProvisioningStyle = Automatic;
						TestTargetID = 0FFB63A61E73787B002FEA2F;
					};
				};
			};
			buildConfigurationList = 0FFB63A21E73787B002FEA2F /* Build configuration list for PBXProject "Acronym" */;
			compatibilityVersion = "Xcode 3.2";
			developmentRegion = English;
			hasScannedForEncodings = 0;
			knownRegions = (
				en,
				Base,
			);
			mainGroup = 0FFB639E1E73787B002FEA2F;
			productRefGroup = 0FFB63A81E73787B002FEA2F /* Products */;
			projectDirPath = "";
			projectRoot = "";
			targets = (
				0FFB63A61E73787B002FEA2F /* Acronym */,
				0FFB63BA1E73787B002FEA2F /* AcronymTests */,
				0FFB63C51E73787B002FEA2F /* AcronymUITests */,
			);
		};
/* End PBXProject section */

/* Begin PBXResourcesBuildPhase section */
		0FFB63A51E73787B002FEA2F /* Resources */ = {
			isa = PBXResourcesBuildPhase;
			buildActionMask = 2147483647;
			files = (
				0FFB63B51E73787B002FEA2F /* LaunchScreen.storyboard in Resources */,
				0FFB63B21E73787B002FEA2F /* Assets.xcassets in Resources */,
				0FFB63B01E73787B002FEA2F /* Main.storyboard in Resources */,
			);
			runOnlyForDeploymentPostprocessing = 0;
		};
		0FFB63B91E73787B002FEA2F /* Resources */ = {
			isa = PBXResourcesBuildPhase;
			buildActionMask = 2147483647;
			files = (
			);
			runOnlyForDeploymentPostprocessing = 0;
		};
		0FFB63C41E73787B002FEA2F /* Resources */ = {
			isa = PBXResourcesBuildPhase;
			buildActionMask = 2147483647;
			files = (
			);
			runOnlyForDeploymentPostprocessing = 0;
		};
/* End PBXResourcesBuildPhase section */

/* Begin PBXShellScriptBuildPhase section */
		35C91A1715B8E20887A39E50 /* [CP] Copy Pods Resources */ = {
			isa = PBXShellScriptBuildPhase;
			buildActionMask = 2147483647;
			files = (
			);
			inputPaths = (
			);
			name = "[CP] Copy Pods Resources";
			outputPaths = (
			);
			runOnlyForDeploymentPostprocessing = 0;
			shellPath = /bin/sh;
			shellScript = "\"${SRCROOT}/Pods/Target Support Files/Pods-Acronym/Pods-Acronym-resources.sh\"\n";
			showEnvVarsInLog = 0;
		};
		527BC7F590C01BB782487675 /* [CP] Check Pods Manifest.lock */ = {
			isa = PBXShellScriptBuildPhase;
			buildActionMask = 2147483647;
			files = (
			);
			inputPaths = (
			);
			name = "[CP] Check Pods Manifest.lock";
			outputPaths = (
			);
			runOnlyForDeploymentPostprocessing = 0;
			shellPath = /bin/sh;
			shellScript = "diff \"${PODS_ROOT}/../Podfile.lock\" \"${PODS_ROOT}/Manifest.lock\" > /dev/null\nif [ $? != 0 ] ; then\n    # print error to STDERR\n    echo \"error: The sandbox is not in sync with the Podfile.lock. Run 'pod install' or update your CocoaPods installation.\" >&2\n    exit 1\nfi\n";
			showEnvVarsInLog = 0;
		};
		C2E8E1A88BB33C9D6432CE69 /* [CP] Embed Pods Frameworks */ = {
			isa = PBXShellScriptBuildPhase;
			buildActionMask = 2147483647;
			files = (
			);
			inputPaths = (
			);
			name = "[CP] Embed Pods Frameworks";
			outputPaths = (
			);
			runOnlyForDeploymentPostprocessing = 0;
			shellPath = /bin/sh;
			shellScript = "\"${SRCROOT}/Pods/Target Support Files/Pods-Acronym/Pods-Acronym-frameworks.sh\"\n";
			showEnvVarsInLog = 0;
		};
/* End PBXShellScriptBuildPhase section */

/* Begin PBXSourcesBuildPhase section */
		0FFB63A31E73787B002FEA2F /* Sources */ = {
			isa = PBXSourcesBuildPhase;
			buildActionMask = 2147483647;
			files = (
				0FFB63DA1E737B77002FEA2F /* Words.swift in Sources */,
				0FFB63DC1E738FF2002FEA2F /* WordCell.swift in Sources */,
				0FFB63AD1E73787B002FEA2F /* ViewController.swift in Sources */,
				0F65A4901E739C210003A938 /* ProgressBar.swift in Sources */,
				0FFB63AB1E73787B002FEA2F /* AppDelegate.swift in Sources */,
			);
			runOnlyForDeploymentPostprocessing = 0;
		};
		0FFB63B71E73787B002FEA2F /* Sources */ = {
			isa = PBXSourcesBuildPhase;
			buildActionMask = 2147483647;
			files = (
				0FFB63C01E73787B002FEA2F /* AcronymTests.swift in Sources */,
			);
			runOnlyForDeploymentPostprocessing = 0;
		};
		0FFB63C21E73787B002FEA2F /* Sources */ = {
			isa = PBXSourcesBuildPhase;
			buildActionMask = 2147483647;
			files = (
				0FFB63CB1E73787B002FEA2F /* AcronymUITests.swift in Sources */,
			);
			runOnlyForDeploymentPostprocessing = 0;
		};
/* End PBXSourcesBuildPhase section */

/* Begin PBXTargetDependency section */
		0FFB63BD1E73787B002FEA2F /* PBXTargetDependency */ = {
			isa = PBXTargetDependency;
			target = 0FFB63A61E73787B002FEA2F /* Acronym */;
			targetProxy = 0FFB63BC1E73787B002FEA2F /* PBXContainerItemProxy */;
		};
		0FFB63C81E73787B002FEA2F /* PBXTargetDependency */ = {
			isa = PBXTargetDependency;
			target = 0FFB63A61E73787B002FEA2F /* Acronym */;
			targetProxy = 0FFB63C71E73787B002FEA2F /* PBXContainerItemProxy */;
		};
/* End PBXTargetDependency section */

/* Begin PBXVariantGroup section */
		0FFB63AE1E73787B002FEA2F /* Main.storyboard */ = {
			isa = PBXVariantGroup;
			children = (
				0FFB63AF1E73787B002FEA2F /* Base */,
			);
			name = Main.storyboard;
			sourceTree = "<group>";
		};
		0FFB63B31E73787B002FEA2F /* LaunchScreen.storyboard */ = {
			isa = PBXVariantGroup;
			children = (
				0FFB63B41E73787B002FEA2F /* Base */,
			);
			name = LaunchScreen.storyboard;
			sourceTree = "<group>";
		};
/* End PBXVariantGroup section */

/* Begin XCBuildConfiguration section */
		0FFB63CD1E73787B002FEA2F /* Debug */ = {
			isa = XCBuildConfiguration;
			buildSettings = {
				ALWAYS_SEARCH_USER_PATHS = NO;
				CLANG_ANALYZER_NONNULL = YES;
				CLANG_CXX_LANGUAGE_STANDARD = "gnu++0x";
				CLANG_CXX_LIBRARY = "libc++";
				CLANG_ENABLE_MODULES = YES;
				CLANG_ENABLE_OBJC_ARC = YES;
				CLANG_WARN_BOOL_CONVERSION = YES;
				CLANG_WARN_CONSTANT_CONVERSION = YES;
				CLANG_WARN_DIRECT_OBJC_ISA_USAGE = YES_ERROR;
				CLANG_WARN_DOCUMENTATION_COMMENTS = YES;
				CLANG_WARN_EMPTY_BODY = YES;
				CLANG_WARN_ENUM_CONVERSION = YES;
				CLANG_WARN_INFINITE_RECURSION = YES;
				CLANG_WARN_INT_CONVERSION = YES;
				CLANG_WARN_OBJC_ROOT_CLASS = YES_ERROR;
				CLANG_WARN_SUSPICIOUS_MOVE = YES;
				CLANG_WARN_UNREACHABLE_CODE = YES;
				CLANG_WARN__DUPLICATE_METHOD_MATCH = YES;
				"CODE_SIGN_IDENTITY[sdk=iphoneos*]" = "iPhone Developer";
				COPY_PHASE_STRIP = NO;
				DEBUG_INFORMATION_FORMAT = dwarf;
				ENABLE_STRICT_OBJC_MSGSEND = YES;
				ENABLE_TESTABILITY = YES;
				GCC_C_LANGUAGE_STANDARD = gnu99;
				GCC_DYNAMIC_NO_PIC = NO;
				GCC_NO_COMMON_BLOCKS = YES;
				GCC_OPTIMIZATION_LEVEL = 0;
				GCC_PREPROCESSOR_DEFINITIONS = (
					"DEBUG=1",
					"$(inherited)",
				);
				GCC_WARN_64_TO_32_BIT_CONVERSION = YES;
				GCC_WARN_ABOUT_RETURN_TYPE = YES_ERROR;
				GCC_WARN_UNDECLARED_SELECTOR = YES;
				GCC_WARN_UNINITIALIZED_AUTOS = YES_AGGRESSIVE;
				GCC_WARN_UNUSED_FUNCTION = YES;
				GCC_WARN_UNUSED_VARIABLE = YES;
				IPHONEOS_DEPLOYMENT_TARGET = 10.2;
				MTL_ENABLE_DEBUG_INFO = YES;
				ONLY_ACTIVE_ARCH = YES;
				SDKROOT = iphoneos;
				SWIFT_ACTIVE_COMPILATION_CONDITIONS = DEBUG;
				SWIFT_OPTIMIZATION_LEVEL = "-Onone";
				TARGETED_DEVICE_FAMILY = "1,2";
			};
			name = Debug;
		};
		0FFB63CE1E73787B002FEA2F /* Release */ = {
			isa = XCBuildConfiguration;
			buildSettings = {
				ALWAYS_SEARCH_USER_PATHS = NO;
				CLANG_ANALYZER_NONNULL = YES;
				CLANG_CXX_LANGUAGE_STANDARD = "gnu++0x";
				CLANG_CXX_LIBRARY = "libc++";
				CLANG_ENABLE_MODULES = YES;
				CLANG_ENABLE_OBJC_ARC = YES;
				CLANG_WARN_BOOL_CONVERSION = YES;
				CLANG_WARN_CONSTANT_CONVERSION = YES;
				CLANG_WARN_DIRECT_OBJC_ISA_USAGE = YES_ERROR;
				CLANG_WARN_DOCUMENTATION_COMMENTS = YES;
				CLANG_WARN_EMPTY_BODY = YES;
				CLANG_WARN_ENUM_CONVERSION = YES;
				CLANG_WARN_INFINITE_RECURSION = YES;
				CLANG_WARN_INT_CONVERSION = YES;
				CLANG_WARN_OBJC_ROOT_CLASS = YES_ERROR;
				CLANG_WARN_SUSPICIOUS_MOVE = YES;
				CLANG_WARN_UNREACHABLE_CODE = YES;
				CLANG_WARN__DUPLICATE_METHOD_MATCH = YES;
				"CODE_SIGN_IDENTITY[sdk=iphoneos*]" = "iPhone Developer";
				COPY_PHASE_STRIP = NO;
				DEBUG_INFORMATION_FORMAT = "dwarf-with-dsym";
				ENABLE_NS_ASSERTIONS = NO;
				ENABLE_STRICT_OBJC_MSGSEND = YES;
				GCC_C_LANGUAGE_STANDARD = gnu99;
				GCC_NO_COMMON_BLOCKS = YES;
				GCC_WARN_64_TO_32_BIT_CONVERSION = YES;
				GCC_WARN_ABOUT_RETURN_TYPE = YES_ERROR;
				GCC_WARN_UNDECLARED_SELECTOR = YES;
				GCC_WARN_UNINITIALIZED_AUTOS = YES_AGGRESSIVE;
				GCC_WARN_UNUSED_FUNCTION = YES;
				GCC_WARN_UNUSED_VARIABLE = YES;
				IPHONEOS_DEPLOYMENT_TARGET = 10.2;
				MTL_ENABLE_DEBUG_INFO = NO;
				SDKROOT = iphoneos;
				SWIFT_OPTIMIZATION_LEVEL = "-Owholemodule";
				TARGETED_DEVICE_FAMILY = "1,2";
				VALIDATE_PRODUCT = YES;
			};
			name = Release;
		};
		0FFB63D01E73787B002FEA2F /* Debug */ = {
			isa = XCBuildConfiguration;
			baseConfigurationReference = CD19B69062887514AEE00C5C /* Pods-Acronym.debug.xcconfig */;
			buildSettings = {
				ASSETCATALOG_COMPILER_APPICON_NAME = AppIcon;
				INFOPLIST_FILE = Acronym/Info.plist;
				LD_RUNPATH_SEARCH_PATHS = "$(inherited) @executable_path/Frameworks";
				PRODUCT_BUNDLE_IDENTIFIER = com.nainasai.Acronym;
				PRODUCT_NAME = "$(TARGET_NAME)";
				SWIFT_VERSION = 3.0;
			};
			name = Debug;
		};
		0FFB63D11E73787B002FEA2F /* Release */ = {
			isa = XCBuildConfiguration;
			baseConfigurationReference = 39928C2F2C1F4428C8E73CDA /* Pods-Acronym.release.xcconfig */;
			buildSettings = {
				ASSETCATALOG_COMPILER_APPICON_NAME = AppIcon;
				INFOPLIST_FILE = Acronym/Info.plist;
				LD_RUNPATH_SEARCH_PATHS = "$(inherited) @executable_path/Frameworks";
				PRODUCT_BUNDLE_IDENTIFIER = com.nainasai.Acronym;
				PRODUCT_NAME = "$(TARGET_NAME)";
				SWIFT_VERSION = 3.0;
			};
			name = Release;
		};
		0FFB63D31E73787B002FEA2F /* Debug */ = {
			isa = XCBuildConfiguration;
			buildSettings = {
				ALWAYS_EMBED_SWIFT_STANDARD_LIBRARIES = YES;
				BUNDLE_LOADER = "$(TEST_HOST)";
				INFOPLIST_FILE = AcronymTests/Info.plist;
				LD_RUNPATH_SEARCH_PATHS = "$(inherited) @executable_path/Frameworks @loader_path/Frameworks";
				PRODUCT_BUNDLE_IDENTIFIER = com.nainasai.AcronymTests;
				PRODUCT_NAME = "$(TARGET_NAME)";
				SWIFT_VERSION = 3.0;
				TEST_HOST = "$(BUILT_PRODUCTS_DIR)/Acronym.app/Acronym";
			};
			name = Debug;
		};
		0FFB63D41E73787B002FEA2F /* Release */ = {
			isa = XCBuildConfiguration;
			buildSettings = {
				ALWAYS_EMBED_SWIFT_STANDARD_LIBRARIES = YES;
				BUNDLE_LOADER = "$(TEST_HOST)";
				INFOPLIST_FILE = AcronymTests/Info.plist;
				LD_RUNPATH_SEARCH_PATHS = "$(inherited) @executable_path/Frameworks @loader_path/Frameworks";
				PRODUCT_BUNDLE_IDENTIFIER = com.nainasai.AcronymTests;
				PRODUCT_NAME = "$(TARGET_NAME)";
				SWIFT_VERSION = 3.0;
				TEST_HOST = "$(BUILT_PRODUCTS_DIR)/Acronym.app/Acronym";
			};
			name = Release;
		};
		0FFB63D61E73787B002FEA2F /* Debug */ = {
			isa = XCBuildConfiguration;
			buildSettings = {
				ALWAYS_EMBED_SWIFT_STANDARD_LIBRARIES = YES;
				INFOPLIST_FILE = AcronymUITests/Info.plist;
				LD_RUNPATH_SEARCH_PATHS = "$(inherited) @executable_path/Frameworks @loader_path/Frameworks";
				PRODUCT_BUNDLE_IDENTIFIER = com.nainasai.AcronymUITests;
				PRODUCT_NAME = "$(TARGET_NAME)";
				SWIFT_VERSION = 3.0;
				TEST_TARGET_NAME = Acronym;
			};
			name = Debug;
		};
		0FFB63D71E73787B002FEA2F /* Release */ = {
			isa = XCBuildConfiguration;
			buildSettings = {
				ALWAYS_EMBED_SWIFT_STANDARD_LIBRARIES = YES;
				INFOPLIST_FILE = AcronymUITests/Info.plist;
				LD_RUNPATH_SEARCH_PATHS = "$(inherited) @executable_path/Frameworks @loader_path/Frameworks";
				PRODUCT_BUNDLE_IDENTIFIER = com.nainasai.AcronymUITests;
				PRODUCT_NAME = "$(TARGET_NAME)";
				SWIFT_VERSION = 3.0;
				TEST_TARGET_NAME = Acronym;
			};
			name = Release;
		};
/* End XCBuildConfiguration section */

/* Begin XCConfigurationList section */
		0FFB63A21E73787B002FEA2F /* Build configuration list for PBXProject "Acronym" */ = {
			isa = XCConfigurationList;
			buildConfigurations = (
				0FFB63CD1E73787B002FEA2F /* Debug */,
				0FFB63CE1E73787B002FEA2F /* Release */,
			);
			defaultConfigurationIsVisible = 0;
			defaultConfigurationName = Release;
		};
		0FFB63CF1E73787B002FEA2F /* Build configuration list for PBXNativeTarget "Acronym" */ = {
			isa = XCConfigurationList;
			buildConfigurations = (
				0FFB63D01E73787B002FEA2F /* Debug */,
				0FFB63D11E73787B002FEA2F /* Release */,
			);
			defaultConfigurationIsVisible = 0;
			defaultConfigurationName = Release;
		};
		0FFB63D21E73787B002FEA2F /* Build configuration list for PBXNativeTarget "AcronymTests" */ = {
			isa = XCConfigurationList;
			buildConfigurations = (
				0FFB63D31E73787B002FEA2F /* Debug */,
				0FFB63D41E73787B002FEA2F /* Release */,
			);
			defaultConfigurationIsVisible = 0;
			defaultConfigurationName = Release;
		};
		0FFB63D51E73787B002FEA2F /* Build configuration list for PBXNativeTarget "AcronymUITests" */ = {
			isa = XCConfigurationList;
			buildConfigurations = (
				0FFB63D61E73787B002FEA2F /* Debug */,
				0FFB63D71E73787B002FEA2F /* Release */,
			);
			defaultConfigurationIsVisible = 0;
			defaultConfigurationName = Release;
		};
/* End XCConfigurationList section */
	};
	rootObject = 0FFB639F1E73787B002FEA2F /* Project object */;
}
